
Microsoft Visual Studio Solution File, Format Version 12.00
# Visual Studio Version 17
VisualStudioVersion = 17.1.32228.430
MinimumVisualStudioVersion = 10.0.40219.1
Project("{9A19103F-16F7-4668-BE54-9A1E7A4F7556}") = "BookStoreApi", "BookStoreApi.csproj", "{15870A55-6CDF-4F56-A96D-37B96443F724}"
EndProject
Project("{FAE04EC0-301F-11D3-BF4B-00C04F79EFBC}") = "BookStoreModels", "..\BookStoreModels\BookStoreModels.csproj", "{9F474A73-3F09-43FA-A7B8-4F4D5725017B}"
EndProject
Project("{FAE04EC0-301F-11D3-BF4B-00C04F79EFBC}") = "BookStoreRepository", "..\BookStoreRepository\BookStoreRepository.csproj", "{1EB6C89F-C884-4D2F-A0BE-6E56B44D8412}"
EndProject
Global
	GlobalSection(SolutionConfigurationPlatforms) = preSolution
		Debug|Any CPU = Debug|Any CPU
		Release|Any CPU = Release|Any CPU
	EndGlobalSection
	GlobalSection(ProjectConfigurationPlatforms) = postSolution
		{15870A55-6CDF-4F56-A96D-37B96443F724}.Debug|Any CPU.ActiveCfg = Debug|Any CPU
		{15870A55-6CDF-4F56-A96D-37B96443F724}.Debug|Any CPU.Build.0 = Debug|Any CPU
		{15870A55-6CDF-4F56-A96D-37B96443F724}.Release|Any CPU.ActiveCfg = Release|Any CPU
		{15870A55-6CDF-4F56-A96D-37B96443F724}.Release|Any CPU.Build.0 = Release|Any CPU
		{9F474A73-3F09-43FA-A7B8-4F4D5725017B}.Debug|Any CPU.ActiveCfg = Debug|Any CPU
		{9F474A73-3F09-43FA-A7B8-4F4D5725017B}.Debug|Any CPU.Build.0 = Debug|Any CPU
		{9F474A73-3F09-43FA-A7B8-4F4D5725017B}.Release|Any CPU.ActiveCfg = Release|Any CPU
		{9F474A73-3F09-43FA-A7B8-4F4D5725017B}.Release|Any CPU.Build.0 = Release|Any CPU
		{1EB6C89F-C884-4D2F-A0BE-6E56B44D8412}.Debug|Any CPU.ActiveCfg = Debug|Any CPU
		{1EB6C89F-C884-4D2F-A0BE-6E56B44D8412}.Debug|Any CPU.Build.0 = Debug|Any CPU
		{1EB6C89F-C884-4D2F-A0BE-6E56B44D8412}.Release|Any CPU.ActiveCfg = Release|Any CPU
		{1EB6C89F-C884-4D2F-A0BE-6E56B44D8412}.Release|Any CPU.Build.0 = Release|Any CPU
	EndGlobalSection
	GlobalSection(SolutionProperties) = preSolution
		HideSolutionNode = FALSE
	EndGlobalSection
	GlobalSection(ExtensibilityGlobals) = postSolution
		SolutionGuid = {178FD549-9404-450F-9236-4FBBC29D070C}
	EndGlobalSection
EndGlobal
